{
  "name": "profile-parser",
  "lockfileVersion": 3,
  "requires": true,
  "packages": {
    "": {
      "dependencies": {
        "@wfcd/profile-parser": "^2.0.18"
      }
    },
    "node_modules/@wfcd/items": {
      "version": "1.1275.75",
      "resolved": "https://registry.npmjs.org/@wfcd/items/-/items-1.1275.75.tgz",
      "integrity": "sha512-kqdbJYcv0BAWAvP/etnZ3UiOudUmcCFw3bfTvz8HyS5CbIYHlLI568coehEpcs1agpipH8ayRaJaX8IalmUNXg==",
      "license": "MIT",
      "peer": true,
      "peerDependencies": {
        "warframe-worldstate-data": "^3.0.0"
      }
    },
    "node_modules/@wfcd/profile-parser": {
      "version": "2.0.18",
      "resolved": "https://registry.npmjs.org/@wfcd/profile-parser/-/profile-parser-2.0.18.tgz",
      "integrity": "sha512-JrGgiWQLHSqn10lEd3RqiCRfAVxdwCLEs3ljejnCbtl1ZHBfCnn019pVW2/0R7o5pQTAY+7AcyPlPI8lA9k5EA==",
      "license": "MIT",
      "engines": {
        "node": ">=20.0.0"
      },
      "peerDependencies": {
        "@wfcd/items": "^1.1270.626",
        "warframe-worldstate-data": "^3.0.0"
      }
    },
    "node_modules/warframe-worldstate-data": {
      "version": "3.16.7",
      "resolved": "https://registry.npmjs.org/warframe-worldstate-data/-/warframe-worldstate-data-3.16.7.tgz",
      "integrity": "sha512-oLPiwlnHM0Yos4xcxcS5JWWRxUfmG2RrNNxG0nu2PUKsCjk/CRD6lWdmIYJC57Ncu2dKdEG8he5S9Q53teHI/g==",
      "license": "MIT",
      "peer": true,
      "engines": {
        "node": ">=22"
      }
    }
  }
}
